
Microsoft Visual Studio Solution File, Format Version 12.00
Project("{FAE04EC0-301F-11D3-BF4B-00C04F79EFBC}") = "AirSystem", "src\AirSystem\AirSystem.csproj", "{04858F29-90A3-43D7-A0F3-259BE20A7665}"
EndProject
Global
	GlobalSection(SolutionConfigurationPlatforms) = preSolution
		Debug|Any CPU = Debug|Any CPU
		Release|Any CPU = Release|Any CPU
	EndGlobalSection
	GlobalSection(ProjectConfigurationPlatforms) = postSolution
		{04858F29-90A3-43D7-A0F3-259BE20A7665}.Debug|Any CPU.ActiveCfg = Debug|Any CPU
		{04858F29-90A3-43D7-A0F3-259BE20A7665}.Debug|Any CPU.Build.0 = Debug|Any CPU
		{04858F29-90A3-43D7-A0F3-259BE20A7665}.Release|Any CPU.ActiveCfg = Release|Any CPU
		{04858F29-90A3-43D7-A0F3-259BE20A7665}.Release|Any CPU.Build.0 = Release|Any CPU
	EndGlobalSection
EndGlobal
